# @generated by Move, please check-in and do not edit manually.

[move]
version = 3
manifest_digest = "3EBCF40843790C0EB35EFA472B21D38AE52DA8C77BF5DB60EDE938C19CF1D38F"
deps_digest = "F8BBB0CCB2491CA29A3DF03D6F92277A4F3574266507ACD77214D37ECA3F3082"
dependencies = [
  { id = "Sui", name = "Sui" },
]

[[move.package]]
id = "MoveStdlib"
source = { git = "https://github.com/MystenLabs/sui.git", rev = "framework/devnet", subdir = "crates/sui-framework/packages/move-stdlib" }

[[move.package]]
id = "Sui"
source = { git = "https://github.com/MystenLabs/sui.git", rev = "framework/devnet", subdir = "crates/sui-framework/packages/sui-framework" }

dependencies = [
  { id = "MoveStdlib", name = "MoveStdlib" },
]

[move.toolchain-version]
compiler-version = "1.42.0"
edition = "2024.beta"
flavor = "sui"

[env]

[env.devnet]
chain-id = "3f2108a2"
original-published-id = "0x3e1a27c774500c6ba230e280296d6ee62dbe2ea7ccc4fd58555044ac0bc267ff"
latest-published-id = "0x3e1a27c774500c6ba230e280296d6ee62dbe2ea7ccc4fd58555044ac0bc267ff"
published-version = "1"
